{
  "version": 4,
  "terraform_version": "1.4.0",
  "serial": 16,
  "lineage": "ceef2221-0102-bbe3-e92a-3eb81e4e98f7",
  "outputs": {},
  "resources": [
    {
      "mode": "managed",
      "type": "google_storage_bucket",
      "name": "source",
      "provider": "provider[\"registry.terraform.io/hashicorp/google\"]",
      "instances": [
        {
          "schema_version": 1,
          "attributes": {
            "autoclass": [],
            "cors": [],
            "custom_placement_config": [],
            "default_event_based_hold": false,
            "effective_labels": {},
            "enable_object_retention": false,
            "encryption": [],
            "force_destroy": true,
            "id": "final-project-bucket-resource",
            "labels": {},
            "lifecycle_rule": [],
            "location": "US-EAST1",
            "logging": [],
            "name": "final-project-bucket-resource",
            "project": "fiery-catwalk-440706-k8",
            "public_access_prevention": "inherited",
            "requester_pays": false,
            "retention_policy": [],
            "self_link": "https://www.googleapis.com/storage/v1/b/final-project-bucket-resource",
            "storage_class": "REGIONAL",
            "terraform_labels": {},
            "timeouts": null,
            "uniform_bucket_level_access": false,
            "url": "gs://final-project-bucket-resource",
            "versioning": [],
            "website": []
          },
          "sensitive_attributes": [],
          "private": "eyJlMmJmYjczMC1lY2FhLTExZTYtOGY4OC0zNDM2M2JjN2M0YzAiOnsiY3JlYXRlIjo2MDAwMDAwMDAwMDAsInJlYWQiOjI0MDAwMDAwMDAwMCwidXBkYXRlIjoyNDAwMDAwMDAwMDB9LCJzY2hlbWFfdmVyc2lvbiI6IjEifQ=="
        }
      ]
    },
    {
      "mode": "managed",
      "type": "google_storage_bucket_iam_member",
      "name": "member",
      "provider": "provider[\"registry.terraform.io/hashicorp/google\"]",
      "instances": [
        {
          "schema_version": 0,
          "attributes": {
            "bucket": "b/final-project-bucket-resource",
            "condition": [],
            "etag": "CAI=",
            "id": "b/final-project-bucket-resource/roles/storage.admin/allUsers",
            "member": "allUsers",
            "role": "roles/storage.admin"
          },
          "sensitive_attributes": [],
          "private": "bnVsbA==",
          "dependencies": [
            "google_storage_bucket.source"
          ]
        }
      ]
    },
    {
      "mode": "managed",
      "type": "null_resource",
      "name": "upload_folder_content",
      "provider": "provider[\"registry.terraform.io/hashicorp/null\"]",
      "instances": [
        {
          "schema_version": 0,
          "attributes": {
            "id": "51600113697703045",
            "triggers": {
              "file_hashes": "{\"youtube_live_streams.csv\":\"aa8a615b4a09b4c280a59689a8e75e67e63e0700e9d801e100897111c15a08ae\"}"
            }
          },
          "sensitive_attributes": [],
          "dependencies": [
            "google_storage_bucket.source",
            "google_storage_bucket_iam_member.member"
          ]
        }
      ]
    }
  ],
  "check_results": null
}
