{
  "version": 4,
  "terraform_version": "1.4.0",
  "serial": 51,
  "lineage": "ceef2221-0102-bbe3-e92a-3eb81e4e98f7",
  "outputs": {},
  "resources": [
    {
      "mode": "managed",
      "type": "google_bigquery_dataset",
      "name": "dataset",
      "provider": "provider[\"registry.terraform.io/hashicorp/google\"]",
      "instances": [
        {
          "schema_version": 0,
          "attributes": {
            "access": [
              {
                "dataset": [],
                "domain": "",
                "group_by_email": "",
                "iam_member": "",
                "role": "OWNER",
                "routine": [],
                "special_group": "",
                "user_by_email": "197508252076-compute@developer.gserviceaccount.com",
                "view": []
              },
              {
                "dataset": [],
                "domain": "",
                "group_by_email": "",
                "iam_member": "",
                "role": "OWNER",
                "routine": [],
                "special_group": "projectOwners",
                "user_by_email": "",
                "view": []
              },
              {
                "dataset": [],
                "domain": "",
                "group_by_email": "",
                "iam_member": "",
                "role": "READER",
                "routine": [],
                "special_group": "projectReaders",
                "user_by_email": "",
                "view": []
              },
              {
                "dataset": [],
                "domain": "",
                "group_by_email": "",
                "iam_member": "",
                "role": "WRITER",
                "routine": [],
                "special_group": "projectWriters",
                "user_by_email": "",
                "view": []
              }
            ],
            "creation_time": 1744120399339,
            "dataset_id": "youtube_data",
            "default_collation": "",
            "default_encryption_configuration": [],
            "default_partition_expiration_ms": 0,
            "default_table_expiration_ms": 0,
            "delete_contents_on_destroy": false,
            "description": "",
            "effective_labels": {},
            "etag": "vz6InoVhbAgaCoumMmNAYg==",
            "friendly_name": "",
            "id": "projects/fiery-catwalk-440706-k8/datasets/youtube_data",
            "is_case_insensitive": false,
            "labels": null,
            "last_modified_time": 1744120399339,
            "location": "us-central1",
            "max_time_travel_hours": "168",
            "project": "fiery-catwalk-440706-k8",
            "self_link": "https://bigquery.googleapis.com/bigquery/v2/projects/fiery-catwalk-440706-k8/datasets/youtube_data",
            "storage_billing_model": "",
            "terraform_labels": {},
            "timeouts": null
          },
          "sensitive_attributes": [],
          "private": "eyJlMmJmYjczMC1lY2FhLTExZTYtOGY4OC0zNDM2M2JjN2M0YzAiOnsiY3JlYXRlIjoxMjAwMDAwMDAwMDAwLCJkZWxldGUiOjEyMDAwMDAwMDAwMDAsInVwZGF0ZSI6MTIwMDAwMDAwMDAwMH19"
        }
      ]
    },
    {
      "mode": "managed",
      "type": "google_bigquery_table",
      "name": "table",
      "provider": "provider[\"registry.terraform.io/hashicorp/google\"]",
      "instances": [
        {
          "schema_version": 0,
          "attributes": {
            "clustering": null,
            "creation_time": 1744120400080,
            "dataset_id": "youtube_data",
            "deletion_protection": false,
            "description": "",
            "effective_labels": {},
            "encryption_configuration": [],
            "etag": "fvcYbz0A7kePCg9gOp3KZg==",
            "expiration_time": 0,
            "external_data_configuration": [],
            "friendly_name": "",
            "id": "projects/fiery-catwalk-440706-k8/datasets/youtube_data/tables/live_stream_stats",
            "labels": null,
            "last_modified_time": 1744120400145,
            "location": "us-central1",
            "materialized_view": [],
            "max_staleness": "",
            "num_bytes": 0,
            "num_long_term_bytes": 0,
            "num_rows": 0,
            "project": "fiery-catwalk-440706-k8",
            "range_partitioning": [],
            "require_partition_filter": false,
            "schema": "[{\"mode\":\"NULLABLE\",\"name\":\"video_id\",\"type\":\"STRING\"},{\"mode\":\"NULLABLE\",\"name\":\"title\",\"type\":\"STRING\"},{\"mode\":\"NULLABLE\",\"name\":\"video_url\",\"type\":\"STRING\"},{\"mode\":\"NULLABLE\",\"name\":\"published_date\",\"type\":\"TIMESTAMP\"},{\"mode\":\"NULLABLE\",\"name\":\"views\",\"type\":\"INTEGER\"},{\"mode\":\"NULLABLE\",\"name\":\"likes\",\"type\":\"INTEGER\"},{\"mode\":\"NULLABLE\",\"name\":\"comments\",\"type\":\"INTEGER\"}]",
            "self_link": "https://bigquery.googleapis.com/bigquery/v2/projects/fiery-catwalk-440706-k8/datasets/youtube_data/tables/live_stream_stats",
            "table_constraints": [],
            "table_id": "live_stream_stats",
            "terraform_labels": {},
            "time_partitioning": [
              {
                "expiration_ms": 0,
                "field": "published_date",
                "require_partition_filter": false,
                "type": "DAY"
              }
            ],
            "type": "TABLE",
            "view": []
          },
          "sensitive_attributes": [],
          "private": "bnVsbA==",
          "dependencies": [
            "google_bigquery_dataset.dataset"
          ]
        }
      ]
    },
    {
      "mode": "managed",
      "type": "google_storage_bucket",
      "name": "source",
      "provider": "provider[\"registry.terraform.io/hashicorp/google\"]",
      "instances": [
        {
          "schema_version": 1,
          "attributes": {
            "autoclass": [],
            "cors": [],
            "custom_placement_config": [],
            "default_event_based_hold": false,
            "effective_labels": {},
            "enable_object_retention": false,
            "encryption": [],
            "force_destroy": true,
            "id": "final-project-bucket-resource",
            "labels": null,
            "lifecycle_rule": [],
            "location": "US-CENTRAL1",
            "logging": [],
            "name": "final-project-bucket-resource",
            "project": "fiery-catwalk-440706-k8",
            "public_access_prevention": "inherited",
            "requester_pays": false,
            "retention_policy": [],
            "self_link": "https://www.googleapis.com/storage/v1/b/final-project-bucket-resource",
            "storage_class": "REGIONAL",
            "terraform_labels": {},
            "timeouts": null,
            "uniform_bucket_level_access": false,
            "url": "gs://final-project-bucket-resource",
            "versioning": [],
            "website": []
          },
          "sensitive_attributes": [],
          "private": "eyJlMmJmYjczMC1lY2FhLTExZTYtOGY4OC0zNDM2M2JjN2M0YzAiOnsiY3JlYXRlIjo2MDAwMDAwMDAwMDAsInJlYWQiOjI0MDAwMDAwMDAwMCwidXBkYXRlIjoyNDAwMDAwMDAwMDB9LCJzY2hlbWFfdmVyc2lvbiI6IjEifQ=="
        }
      ]
    },
    {
      "mode": "managed",
      "type": "google_storage_bucket_iam_member",
      "name": "member",
      "provider": "provider[\"registry.terraform.io/hashicorp/google\"]",
      "instances": [
        {
          "schema_version": 0,
          "attributes": {
            "bucket": "b/final-project-bucket-resource",
            "condition": [],
            "etag": "CAI=",
            "id": "b/final-project-bucket-resource/roles/storage.admin/allUsers",
            "member": "allUsers",
            "role": "roles/storage.admin"
          },
          "sensitive_attributes": [],
          "private": "bnVsbA==",
          "dependencies": [
            "google_storage_bucket.source"
          ]
        }
      ]
    },
    {
      "mode": "managed",
      "type": "google_storage_bucket_object",
      "name": "upload_csv",
      "provider": "provider[\"registry.terraform.io/hashicorp/google\"]",
      "instances": [
        {
          "schema_version": 0,
          "attributes": {
            "bucket": "final-project-bucket-resource",
            "cache_control": "",
            "content": null,
            "content_disposition": "",
            "content_encoding": "",
            "content_language": "",
            "content_type": "text/plain; charset=utf-8",
            "crc32c": "+wrbbw==",
            "customer_encryption": [],
            "detect_md5hash": "6KkHHinQYK9N/XDPfXuVZQ==",
            "event_based_hold": false,
            "id": "final-project-bucket-resource-marapthon_data.csv",
            "kms_key_name": "",
            "md5hash": "6KkHHinQYK9N/XDPfXuVZQ==",
            "media_link": "https://storage.googleapis.com/download/storage/v1/b/final-project-bucket-resource/o/marapthon_data.csv?generation=1744120402715211\u0026alt=media",
            "metadata": null,
            "name": "marapthon_data.csv",
            "output_name": "marapthon_data.csv",
            "retention": [],
            "self_link": "https://www.googleapis.com/storage/v1/b/final-project-bucket-resource/o/marapthon_data.csv",
            "source": "upload/marapthon_data.csv",
            "storage_class": "REGIONAL",
            "temporary_hold": false,
            "timeouts": null
          },
          "sensitive_attributes": [],
          "private": "eyJlMmJmYjczMC1lY2FhLTExZTYtOGY4OC0zNDM2M2JjN2M0YzAiOnsiY3JlYXRlIjoyNDAwMDAwMDAwMDAsImRlbGV0ZSI6MjQwMDAwMDAwMDAwLCJ1cGRhdGUiOjI0MDAwMDAwMDAwMH19",
          "dependencies": [
            "google_storage_bucket.source"
          ]
        }
      ]
    }
  ],
  "check_results": null
}
